
Microsoft Visual Studio Solution File, Format Version 12.00
# Visual Studio Version 17
VisualStudioVersion = 17.4.33403.182
MinimumVisualStudioVersion = 10.0.40219.1
Project("{FAE04EC0-301F-11D3-BF4B-00C04F79EFBC}") = "Sem3_lab1", "Sem3_lab1\Sem3_lab1.csproj", "{B813F75E-CDDD-4C85-ACE5-CA4ED05F3233}"
EndProject
Global
	GlobalSection(SolutionConfigurationPlatforms) = preSolution
		Debug|Any CPU = Debug|Any CPU
		Release|Any CPU = Release|Any CPU
	EndGlobalSection
	GlobalSection(ProjectConfigurationPlatforms) = postSolution
		{B813F75E-CDDD-4C85-ACE5-CA4ED05F3233}.Debug|Any CPU.ActiveCfg = Debug|Any CPU
		{B813F75E-CDDD-4C85-ACE5-CA4ED05F3233}.Debug|Any CPU.Build.0 = Debug|Any CPU
		{B813F75E-CDDD-4C85-ACE5-CA4ED05F3233}.Release|Any CPU.ActiveCfg = Release|Any CPU
		{B813F75E-CDDD-4C85-ACE5-CA4ED05F3233}.Release|Any CPU.Build.0 = Release|Any CPU
	EndGlobalSection
	GlobalSection(SolutionProperties) = preSolution
		HideSolutionNode = FALSE
	EndGlobalSection
	GlobalSection(ExtensibilityGlobals) = postSolution
		SolutionGuid = {E41D1D37-4BEC-498E-BB3A-5BFE4E9BC479}
	EndGlobalSection
EndGlobal
